
Microsoft Visual Studio Solution File, Format Version 12.00
# Visual Studio Version 17
VisualStudioVersion = 17.6.33815.320
MinimumVisualStudioVersion = 10.0.40219.1
Project("{FAE04EC0-301F-11D3-BF4B-00C04F79EFBC}") = "TreinamentoAPI", "TreinamentoAPI.csproj", "{4732D35B-786E-4F81-82A8-50C2D450C894}"
EndProject
Global
	GlobalSection(SolutionConfigurationPlatforms) = preSolution
		Debug|Any CPU = Debug|Any CPU
		Release|Any CPU = Release|Any CPU
	EndGlobalSection
	GlobalSection(ProjectConfigurationPlatforms) = postSolution
		{4732D35B-786E-4F81-82A8-50C2D450C894}.Debug|Any CPU.ActiveCfg = Debug|Any CPU
		{4732D35B-786E-4F81-82A8-50C2D450C894}.Debug|Any CPU.Build.0 = Debug|Any CPU
		{4732D35B-786E-4F81-82A8-50C2D450C894}.Release|Any CPU.ActiveCfg = Release|Any CPU
		{4732D35B-786E-4F81-82A8-50C2D450C894}.Release|Any CPU.Build.0 = Release|Any CPU
	EndGlobalSection
	GlobalSection(SolutionProperties) = preSolution
		HideSolutionNode = FALSE
	EndGlobalSection
	GlobalSection(ExtensibilityGlobals) = postSolution
		SolutionGuid = {0C9634AB-D088-4B33-ACD1-DA7FEF495851}
	EndGlobalSection
EndGlobal
